// !$*UTF8*$!
{
	archiveVersion = 1;
	classes = {
	};
	objectVersion = 46;
	objects = {

/* Begin PBXBuildFile section */
		45245AB31A20DFA700845904 /* Foundation.framework in Frameworks */ = {isa = PBXBuildFile; fileRef = 45245AB21A20DFA700845904 /* Foundation.framework */; };
		45245AB51A20DFA700845904 /* CoreGraphics.framework in Frameworks */ = {isa = PBXBuildFile; fileRef = 45245AB41A20DFA700845904 /* CoreGraphics.framework */; };
		45245AB71A20DFA700845904 /* UIKit.framework in Frameworks */ = {isa = PBXBuildFile; fileRef = 45245AB61A20DFA700845904 /* UIKit.framework */; };
		45245ABD1A20DFA700845904 /* InfoPlist.strings in Resources */ = {isa = PBXBuildFile; fileRef = 45245ABB1A20DFA700845904 /* InfoPlist.strings */; };
		45245ABF1A20DFA700845904 /* main.m in Sources */ = {isa = PBXBuildFile; fileRef = 45245ABE1A20DFA700845904 /* main.m */; };
		45245AC31A20DFA700845904 /* AppDelegate.m in Sources */ = {isa = PBXBuildFile; fileRef = 45245AC21A20DFA700845904 /* AppDelegate.m */; };
		45245AC61A20DFA700845904 /* Main_iPhone.storyboard in Resources */ = {isa = PBXBuildFile; fileRef = 45245AC41A20DFA700845904 /* Main_iPhone.storyboard */; };
		45245AC91A20DFA700845904 /* Main_iPad.storyboard in Resources */ = {isa = PBXBuildFile; fileRef = 45245AC71A20DFA700845904 /* Main_iPad.storyboard */; };
		45245ACC1A20DFA700845904 /* ViewController.m in Sources */ = {isa = PBXBuildFile; fileRef = 45245ACB1A20DFA700845904 /* ViewController.m */; };
		45245ACE1A20DFA700845904 /* Images.xcassets in Resources */ = {isa = PBXBuildFile; fileRef = 45245ACD1A20DFA700845904 /* Images.xcassets */; };
		45245AD51A20DFA700845904 /* XCTest.framework in Frameworks */ = {isa = PBXBuildFile; fileRef = 45245AD41A20DFA700845904 /* XCTest.framework */; };
		45245AD61A20DFA700845904 /* Foundation.framework in Frameworks */ = {isa = PBXBuildFile; fileRef = 45245AB21A20DFA700845904 /* Foundation.framework */; };
		45245AD71A20DFA700845904 /* UIKit.framework in Frameworks */ = {isa = PBXBuildFile; fileRef = 45245AB61A20DFA700845904 /* UIKit.framework */; };
		45245ADF1A20DFA700845904 /* InfoPlist.strings in Resources */ = {isa = PBXBuildFile; fileRef = 45245ADD1A20DFA700845904 /* InfoPlist.strings */; };
		45245AE11A20DFA700845904 /* AOCalculatorTests.m in Sources */ = {isa = PBXBuildFile; fileRef = 45245AE01A20DFA700845904 /* AOCalculatorTests.m */; };
		45245AEC1A20E60D00845904 /* InputDisplay.m in Sources */ = {isa = PBXBuildFile; fileRef = 45245AEB1A20E60C00845904 /* InputDisplay.m */; };
		45AC546A1A260D5200A6CCA4 /* OutputDisplay.m in Sources */ = {isa = PBXBuildFile; fileRef = 45AC54691A260D5200A6CCA4 /* OutputDisplay.m */; };
		45AC546D1A260E1E00A6CCA4 /* RPNCalculator.m in Sources */ = {isa = PBXBuildFile; fileRef = 45AC546C1A260E1E00A6CCA4 /* RPNCalculator.m */; };
		45AC54711A26221A00A6CCA4 /* Stack.m in Sources */ = {isa = PBXBuildFile; fileRef = 45AC54701A26221A00A6CCA4 /* Stack.m */; };
		8420D42E1A3F8B2900C45CA3 /* Entitlements.plist in Resources */ = {isa = PBXBuildFile; fileRef = 8420D42D1A3F8B2900C45CA3 /* Entitlements.plist */; };
		845D8F011A2D2D8A0082072C /* InputValidator.m in Sources */ = {isa = PBXBuildFile; fileRef = 845D8F001A2D2D8A0082072C /* InputValidator.m */; };
/* End PBXBuildFile section */

/* Begin PBXContainerItemProxy section */
		45245AD81A20DFA700845904 /* PBXContainerItemProxy */ = {
			isa = PBXContainerItemProxy;
			containerPortal = 45245AA71A20DFA700845904 /* Project object */;
			proxyType = 1;
			remoteGlobalIDString = 45245AAE1A20DFA700845904;
			remoteInfo = AOCalculator;
		};
/* End PBXContainerItemProxy section */

/* Begin PBXFileReference section */
		45245AAF1A20DFA700845904 /* AOCalculator.app */ = {isa = PBXFileReference; explicitFileType = wrapper.application; includeInIndex = 0; path = AOCalculator.app; sourceTree = BUILT_PRODUCTS_DIR; };
		45245AB21A20DFA700845904 /* Foundation.framework */ = {isa = PBXFileReference; lastKnownFileType = wrapper.framework; name = Foundation.framework; path = System/Library/Frameworks/Foundation.framework; sourceTree = SDKROOT; };
		45245AB41A20DFA700845904 /* CoreGraphics.framework */ = {isa = PBXFileReference; lastKnownFileType = wrapper.framework; name = CoreGraphics.framework; path = System/Library/Frameworks/CoreGraphics.framework; sourceTree = SDKROOT; };
		45245AB61A20DFA700845904 /* UIKit.framework */ = {isa = PBXFileReference; lastKnownFileType = wrapper.framework; name = UIKit.framework; path = System/Library/Frameworks/UIKit.framework; sourceTree = SDKROOT; };
		45245ABA1A20DFA700845904 /* AOCalculator-Info.plist */ = {isa = PBXFileReference; lastKnownFileType = text.plist.xml; path = "AOCalculator-Info.plist"; sourceTree = "<group>"; };
		45245ABC1A20DFA700845904 /* en */ = {isa = PBXFileReference; lastKnownFileType = text.plist.strings; name = en; path = en.lproj/InfoPlist.strings; sourceTree = "<group>"; };
		45245ABE1A20DFA700845904 /* main.m */ = {isa = PBXFileReference; lastKnownFileType = sourcecode.c.objc; path = main.m; sourceTree = "<group>"; };
		45245AC01A20DFA700845904 /* AOCalculator-Prefix.pch */ = {isa = PBXFileReference; lastKnownFileType = sourcecode.c.h; path = "AOCalculator-Prefix.pch"; sourceTree = "<group>"; };
		45245AC11A20DFA700845904 /* AppDelegate.h */ = {isa = PBXFileReference; lastKnownFileType = sourcecode.c.h; path = AppDelegate.h; sourceTree = "<group>"; };
		45245AC21A20DFA700845904 /* AppDelegate.m */ = {isa = PBXFileReference; lastKnownFileType = sourcecode.c.objc; path = AppDelegate.m; sourceTree = "<group>"; };
		45245AC51A20DFA700845904 /* Base */ = {isa = PBXFileReference; lastKnownFileType = file.storyboard; name = Base; path = Base.lproj/Main_iPhone.storyboard; sourceTree = "<group>"; };
		45245AC81A20DFA700845904 /* Base */ = {isa = PBXFileReference; lastKnownFileType = file.storyboard; name = Base; path = Base.lproj/Main_iPad.storyboard; sourceTree = "<group>"; };
		45245ACA1A20DFA700845904 /* ViewController.h */ = {isa = PBXFileReference; lastKnownFileType = sourcecode.c.h; path = ViewController.h; sourceTree = "<group>"; };
		45245ACB1A20DFA700845904 /* ViewController.m */ = {isa = PBXFileReference; lastKnownFileType = sourcecode.c.objc; path = ViewController.m; sourceTree = "<group>"; };
		45245ACD1A20DFA700845904 /* Images.xcassets */ = {isa = PBXFileReference; lastKnownFileType = folder.assetcatalog; path = Images.xcassets; sourceTree = "<group>"; };
		45245AD31A20DFA700845904 /* AOCalculatorTests.xctest */ = {isa = PBXFileReference; explicitFileType = wrapper.cfbundle; includeInIndex = 0; path = AOCalculatorTests.xctest; sourceTree = BUILT_PRODUCTS_DIR; };
		45245AD41A20DFA700845904 /* XCTest.framework */ = {isa = PBXFileReference; lastKnownFileType = wrapper.framework; name = XCTest.framework; path = Library/Frameworks/XCTest.framework; sourceTree = DEVELOPER_DIR; };
		45245ADC1A20DFA700845904 /* AOCalculatorTests-Info.plist */ = {isa = PBXFileReference; lastKnownFileType = text.plist.xml; path = "AOCalculatorTests-Info.plist"; sourceTree = "<group>"; };
		45245ADE1A20DFA700845904 /* en */ = {isa = PBXFileReference; lastKnownFileType = text.plist.strings; name = en; path = en.lproj/InfoPlist.strings; sourceTree = "<group>"; };
		45245AE01A20DFA700845904 /* AOCalculatorTests.m */ = {isa = PBXFileReference; lastKnownFileType = sourcecode.c.objc; path = AOCalculatorTests.m; sourceTree = "<group>"; };
		45245AEA1A20E60C00845904 /* InputDisplay.h */ = {isa = PBXFileReference; fileEncoding = 4; lastKnownFileType = sourcecode.c.h; path = InputDisplay.h; sourceTree = "<group>"; };
		45245AEB1A20E60C00845904 /* InputDisplay.m */ = {isa = PBXFileReference; fileEncoding = 4; lastKnownFileType = sourcecode.c.objc; path = InputDisplay.m; sourceTree = "<group>"; };
		45AC54681A260D5200A6CCA4 /* OutputDisplay.h */ = {isa = PBXFileReference; fileEncoding = 4; lastKnownFileType = sourcecode.c.h; path = OutputDisplay.h; sourceTree = "<group>"; };
		45AC54691A260D5200A6CCA4 /* OutputDisplay.m */ = {isa = PBXFileReference; fileEncoding = 4; lastKnownFileType = sourcecode.c.objc; path = OutputDisplay.m; sourceTree = "<group>"; };
		45AC546B1A260E1E00A6CCA4 /* RPNCalculator.h */ = {isa = PBXFileReference; fileEncoding = 4; lastKnownFileType = sourcecode.c.h; path = RPNCalculator.h; sourceTree = "<group>"; };
		45AC546C1A260E1E00A6CCA4 /* RPNCalculator.m */ = {isa = PBXFileReference; fileEncoding = 4; lastKnownFileType = sourcecode.c.objc; path = RPNCalculator.m; sourceTree = "<group>"; };
		45AC546F1A26221A00A6CCA4 /* Stack.h */ = {isa = PBXFileReference; fileEncoding = 4; lastKnownFileType = sourcecode.c.h; path = Stack.h; sourceTree = "<group>"; };
		45AC54701A26221A00A6CCA4 /* Stack.m */ = {isa = PBXFileReference; fileEncoding = 4; lastKnownFileType = sourcecode.c.objc; path = Stack.m; sourceTree = "<group>"; };
		8420D42D1A3F8B2900C45CA3 /* Entitlements.plist */ = {isa = PBXFileReference; fileEncoding = 4; lastKnownFileType = text.plist.xml; path = Entitlements.plist; sourceTree = "<group>"; };
		845D8EFF1A2D2D8A0082072C /* InputValidator.h */ = {isa = PBXFileReference; fileEncoding = 4; lastKnownFileType = sourcecode.c.h; path = InputValidator.h; sourceTree = "<group>"; };
		845D8F001A2D2D8A0082072C /* InputValidator.m */ = {isa = PBXFileReference; fileEncoding = 4; lastKnownFileType = sourcecode.c.objc; path = InputValidator.m; sourceTree = "<group>"; };
/* End PBXFileReference section */

/* Begin PBXFrameworksBuildPhase section */
		45245AAC1A20DFA700845904 /* Frameworks */ = {
			isa = PBXFrameworksBuildPhase;
			buildActionMask = 2147483647;
			files = (
				45245AB51A20DFA700845904 /* CoreGraphics.framework in Frameworks */,
				45245AB71A20DFA700845904 /* UIKit.framework in Frameworks */,
				45245AB31A20DFA700845904 /* Foundation.framework in Frameworks */,
			);
			runOnlyForDeploymentPostprocessing = 0;
		};
		45245AD01A20DFA700845904 /* Frameworks */ = {
			isa = PBXFrameworksBuildPhase;
			buildActionMask = 2147483647;
			files = (
				45245AD51A20DFA700845904 /* XCTest.framework in Frameworks */,
				45245AD71A20DFA700845904 /* UIKit.framework in Frameworks */,
				45245AD61A20DFA700845904 /* Foundation.framework in Frameworks */,
			);
			runOnlyForDeploymentPostprocessing = 0;
		};
/* End PBXFrameworksBuildPhase section */

/* Begin PBXGroup section */
		45245AA61A20DFA700845904 = {
			isa = PBXGroup;
			children = (
				8420D42D1A3F8B2900C45CA3 /* Entitlements.plist */,
				45245AB81A20DFA700845904 /* AOCalculator */,
				45245ADA1A20DFA700845904 /* AOCalculatorTests */,
				45245AB11A20DFA700845904 /* Frameworks */,
				45245AB01A20DFA700845904 /* Products */,
			);
			sourceTree = "<group>";
		};
		45245AB01A20DFA700845904 /* Products */ = {
			isa = PBXGroup;
			children = (
				45245AAF1A20DFA700845904 /* AOCalculator.app */,
				45245AD31A20DFA700845904 /* AOCalculatorTests.xctest */,
			);
			name = Products;
			sourceTree = "<group>";
		};
		45245AB11A20DFA700845904 /* Frameworks */ = {
			isa = PBXGroup;
			children = (
				45245AB21A20DFA700845904 /* Foundation.framework */,
				45245AB41A20DFA700845904 /* CoreGraphics.framework */,
				45245AB61A20DFA700845904 /* UIKit.framework */,
				45245AD41A20DFA700845904 /* XCTest.framework */,
			);
			name = Frameworks;
			sourceTree = "<group>";
		};
		45245AB81A20DFA700845904 /* AOCalculator */ = {
			isa = PBXGroup;
			children = (
				45245AF01A20E63800845904 /* Controllers */,
				45245AEF1A20E62C00845904 /* Calculation */,
				45245AEE1A20E62400845904 /* Input */,
				45245AED1A20E61700845904 /* Output */,
				45245AC41A20DFA700845904 /* Main_iPhone.storyboard */,
				45245AC71A20DFA700845904 /* Main_iPad.storyboard */,
				45245ACD1A20DFA700845904 /* Images.xcassets */,
				45245AB91A20DFA700845904 /* Supporting Files */,
			);
			path = AOCalculator;
			sourceTree = "<group>";
		};
		45245AB91A20DFA700845904 /* Supporting Files */ = {
			isa = PBXGroup;
			children = (
				45245AC11A20DFA700845904 /* AppDelegate.h */,
				45245AC21A20DFA700845904 /* AppDelegate.m */,
				45245ABA1A20DFA700845904 /* AOCalculator-Info.plist */,
				45245ABB1A20DFA700845904 /* InfoPlist.strings */,
				45245ABE1A20DFA700845904 /* main.m */,
				45245AC01A20DFA700845904 /* AOCalculator-Prefix.pch */,
				45AC546F1A26221A00A6CCA4 /* Stack.h */,
				45AC54701A26221A00A6CCA4 /* Stack.m */,
			);
			name = "Supporting Files";
			sourceTree = "<group>";
		};
		45245ADA1A20DFA700845904 /* AOCalculatorTests */ = {
			isa = PBXGroup;
			children = (
				45245AE01A20DFA700845904 /* AOCalculatorTests.m */,
				45245ADB1A20DFA700845904 /* Supporting Files */,
			);
			path = AOCalculatorTests;
			sourceTree = "<group>";
		};
		45245ADB1A20DFA700845904 /* Supporting Files */ = {
			isa = PBXGroup;
			children = (
				45245ADC1A20DFA700845904 /* AOCalculatorTests-Info.plist */,
				45245ADD1A20DFA700845904 /* InfoPlist.strings */,
			);
			name = "Supporting Files";
			sourceTree = "<group>";
		};
		45245AED1A20E61700845904 /* Output */ = {
			isa = PBXGroup;
			children = (
				45AC54681A260D5200A6CCA4 /* OutputDisplay.h */,
				45AC54691A260D5200A6CCA4 /* OutputDisplay.m */,
			);
			name = Output;
			sourceTree = "<group>";
		};
		45245AEE1A20E62400845904 /* Input */ = {
			isa = PBXGroup;
			children = (
				45245AEA1A20E60C00845904 /* InputDisplay.h */,
				45245AEB1A20E60C00845904 /* InputDisplay.m */,
				845D8EFF1A2D2D8A0082072C /* InputValidator.h */,
				845D8F001A2D2D8A0082072C /* InputValidator.m */,
			);
			name = Input;
			sourceTree = "<group>";
		};
		45245AEF1A20E62C00845904 /* Calculation */ = {
			isa = PBXGroup;
			children = (
				45AC546B1A260E1E00A6CCA4 /* RPNCalculator.h */,
				45AC546C1A260E1E00A6CCA4 /* RPNCalculator.m */,
			);
			name = Calculation;
			sourceTree = "<group>";
		};
		45245AF01A20E63800845904 /* Controllers */ = {
			isa = PBXGroup;
			children = (
				45245ACA1A20DFA700845904 /* ViewController.h */,
				45245ACB1A20DFA700845904 /* ViewController.m */,
			);
			name = Controllers;
			sourceTree = "<group>";
		};
/* End PBXGroup section */

/* Begin PBXNativeTarget section */
		45245AAE1A20DFA700845904 /* AOCalculator */ = {
			isa = PBXNativeTarget;
			buildConfigurationList = 45245AE41A20DFA700845904 /* Build configuration list for PBXNativeTarget "AOCalculator" */;
			buildPhases = (
				45245AAB1A20DFA700845904 /* Sources */,
				45245AAC1A20DFA700845904 /* Frameworks */,
				45245AAD1A20DFA700845904 /* Resources */,
			);
			buildRules = (
			);
			dependencies = (
			);
			name = AOCalculator;
			productName = AOCalculator;
			productReference = 45245AAF1A20DFA700845904 /* AOCalculator.app */;
			productType = "com.apple.product-type.application";
		};
		45245AD21A20DFA700845904 /* AOCalculatorTests */ = {
			isa = PBXNativeTarget;
			buildConfigurationList = 45245AE71A20DFA700845904 /* Build configuration list for PBXNativeTarget "AOCalculatorTests" */;
			buildPhases = (
				45245ACF1A20DFA700845904 /* Sources */,
				45245AD01A20DFA700845904 /* Frameworks */,
				45245AD11A20DFA700845904 /* Resources */,
			);
			buildRules = (
			);
			dependencies = (
				45245AD91A20DFA700845904 /* PBXTargetDependency */,
			);
			name = AOCalculatorTests;
			productName = AOCalculatorTests;
			productReference = 45245AD31A20DFA700845904 /* AOCalculatorTests.xctest */;
			productType = "com.apple.product-type.bundle.unit-test";
		};
/* End PBXNativeTarget section */

/* Begin PBXProject section */
		45245AA71A20DFA700845904 /* Project object */ = {
			isa = PBXProject;
			attributes = {
				LastUpgradeCheck = 0600;
				ORGANIZATIONNAME = "Alex Ozun";
				TargetAttributes = {
					45245AD21A20DFA700845904 = {
						TestTargetID = 45245AAE1A20DFA700845904;
					};
				};
			};
			buildConfigurationList = 45245AAA1A20DFA700845904 /* Build configuration list for PBXProject "RPLCalculator" */;
			compatibilityVersion = "Xcode 3.2";
			developmentRegion = English;
			hasScannedForEncodings = 0;
			knownRegions = (
				en,
				Base,
			);
			mainGroup = 45245AA61A20DFA700845904;
			productRefGroup = 45245AB01A20DFA700845904 /* Products */;
			projectDirPath = "";
			projectRoot = "";
			targets = (
				45245AAE1A20DFA700845904 /* AOCalculator */,
				45245AD21A20DFA700845904 /* AOCalculatorTests */,
			);
		};
/* End PBXProject section */

/* Begin PBXResourcesBuildPhase section */
		45245AAD1A20DFA700845904 /* Resources */ = {
			isa = PBXResourcesBuildPhase;
			buildActionMask = 2147483647;
			files = (
				45245AC91A20DFA700845904 /* Main_iPad.storyboard in Resources */,
				45245ACE1A20DFA700845904 /* Images.xcassets in Resources */,
				45245AC61A20DFA700845904 /* Main_iPhone.storyboard in Resources */,
				8420D42E1A3F8B2900C45CA3 /* Entitlements.plist in Resources */,
				45245ABD1A20DFA700845904 /* InfoPlist.strings in Resources */,
			);
			runOnlyForDeploymentPostprocessing = 0;
		};
		45245AD11A20DFA700845904 /* Resources */ = {
			isa = PBXResourcesBuildPhase;
			buildActionMask = 2147483647;
			files = (
				45245ADF1A20DFA700845904 /* InfoPlist.strings in Resources */,
			);
			runOnlyForDeploymentPostprocessing = 0;
		};
/* End PBXResourcesBuildPhase section */

/* Begin PBXSourcesBuildPhase section */
		45245AAB1A20DFA700845904 /* Sources */ = {
			isa = PBXSourcesBuildPhase;
			buildActionMask = 2147483647;
			files = (
				45245ACC1A20DFA700845904 /* ViewController.m in Sources */,
				845D8F011A2D2D8A0082072C /* InputValidator.m in Sources */,
				45AC54711A26221A00A6CCA4 /* Stack.m in Sources */,
				45AC546A1A260D5200A6CCA4 /* OutputDisplay.m in Sources */,
				45245AEC1A20E60D00845904 /* InputDisplay.m in Sources */,
				45245AC31A20DFA700845904 /* AppDelegate.m in Sources */,
				45AC546D1A260E1E00A6CCA4 /* RPNCalculator.m in Sources */,
				45245ABF1A20DFA700845904 /* main.m in Sources */,
			);
			runOnlyForDeploymentPostprocessing = 0;
		};
		45245ACF1A20DFA700845904 /* Sources */ = {
			isa = PBXSourcesBuildPhase;
			buildActionMask = 2147483647;
			files = (
				45245AE11A20DFA700845904 /* AOCalculatorTests.m in Sources */,
			);
			runOnlyForDeploymentPostprocessing = 0;
		};
/* End PBXSourcesBuildPhase section */

/* Begin PBXTargetDependency section */
		45245AD91A20DFA700845904 /* PBXTargetDependency */ = {
			isa = PBXTargetDependency;
			target = 45245AAE1A20DFA700845904 /* AOCalculator */;
			targetProxy = 45245AD81A20DFA700845904 /* PBXContainerItemProxy */;
		};
/* End PBXTargetDependency section */

/* Begin PBXVariantGroup section */
		45245ABB1A20DFA700845904 /* InfoPlist.strings */ = {
			isa = PBXVariantGroup;
			children = (
				45245ABC1A20DFA700845904 /* en */,
			);
			name = InfoPlist.strings;
			sourceTree = "<group>";
		};
		45245AC41A20DFA700845904 /* Main_iPhone.storyboard */ = {
			isa = PBXVariantGroup;
			children = (
				45245AC51A20DFA700845904 /* Base */,
			);
			name = Main_iPhone.storyboard;
			sourceTree = "<group>";
		};
		45245AC71A20DFA700845904 /* Main_iPad.storyboard */ = {
			isa = PBXVariantGroup;
			children = (
				45245AC81A20DFA700845904 /* Base */,
			);
			name = Main_iPad.storyboard;
			sourceTree = "<group>";
		};
		45245ADD1A20DFA700845904 /* InfoPlist.strings */ = {
			isa = PBXVariantGroup;
			children = (
				45245ADE1A20DFA700845904 /* en */,
			);
			name = InfoPlist.strings;
			sourceTree = "<group>";
		};
/* End PBXVariantGroup section */

/* Begin XCBuildConfiguration section */
		45245AE21A20DFA700845904 /* Debug */ = {
			isa = XCBuildConfiguration;
			buildSettings = {
				ALWAYS_SEARCH_USER_PATHS = NO;
				CLANG_CXX_LANGUAGE_STANDARD = "gnu++0x";
				CLANG_CXX_LIBRARY = "libc++";
				CLANG_ENABLE_MODULES = YES;
				CLANG_ENABLE_OBJC_ARC = YES;
				CLANG_WARN_BOOL_CONVERSION = YES;
				CLANG_WARN_CONSTANT_CONVERSION = YES;
				CLANG_WARN_DIRECT_OBJC_ISA_USAGE = YES_ERROR;
				CLANG_WARN_EMPTY_BODY = YES;
				CLANG_WARN_ENUM_CONVERSION = YES;
				CLANG_WARN_INT_CONVERSION = YES;
				CLANG_WARN_OBJC_ROOT_CLASS = YES_ERROR;
				CLANG_WARN__DUPLICATE_METHOD_MATCH = YES;
				CODE_SIGN_ENTITLEMENTS = Entitlements.plist;
				CODE_SIGN_IDENTITY = "-";
				"CODE_SIGN_IDENTITY[sdk=iphoneos*]" = "-";
				COPY_PHASE_STRIP = NO;
				GCC_C_LANGUAGE_STANDARD = gnu99;
				GCC_DYNAMIC_NO_PIC = NO;
				GCC_OPTIMIZATION_LEVEL = 0;
				GCC_PREPROCESSOR_DEFINITIONS = (
					"DEBUG=1",
					"$(inherited)",
				);
				GCC_SYMBOLS_PRIVATE_EXTERN = NO;
				GCC_WARN_64_TO_32_BIT_CONVERSION = YES;
				GCC_WARN_ABOUT_RETURN_TYPE = YES_ERROR;
				GCC_WARN_UNDECLARED_SELECTOR = YES;
				GCC_WARN_UNINITIALIZED_AUTOS = YES;
				GCC_WARN_UNUSED_FUNCTION = YES;
				GCC_WARN_UNUSED_VARIABLE = YES;
				IPHONEOS_DEPLOYMENT_TARGET = 7.0;
				ONLY_ACTIVE_ARCH = YES;
				SDKROOT = iphoneos;
				TARGETED_DEVICE_FAMILY = "1,2";
			};
			name = Debug;
		};
		45245AE31A20DFA700845904 /* Release */ = {
			isa = XCBuildConfiguration;
			buildSettings = {
				ALWAYS_SEARCH_USER_PATHS = NO;
				CLANG_CXX_LANGUAGE_STANDARD = "gnu++0x";
				CLANG_CXX_LIBRARY = "libc++";
				CLANG_ENABLE_MODULES = YES;
				CLANG_ENABLE_OBJC_ARC = YES;
				CLANG_WARN_BOOL_CONVERSION = YES;
				CLANG_WARN_CONSTANT_CONVERSION = YES;
				CLANG_WARN_DIRECT_OBJC_ISA_USAGE = YES_ERROR;
				CLANG_WARN_EMPTY_BODY = YES;
				CLANG_WARN_ENUM_CONVERSION = YES;
				CLANG_WARN_INT_CONVERSION = YES;
				CLANG_WARN_OBJC_ROOT_CLASS = YES_ERROR;
				CLANG_WARN__DUPLICATE_METHOD_MATCH = YES;
				CODE_SIGN_ENTITLEMENTS = Entitlements.plist;
				CODE_SIGN_IDENTITY = "-";
				"CODE_SIGN_IDENTITY[sdk=iphoneos*]" = "-";
				COPY_PHASE_STRIP = YES;
				ENABLE_NS_ASSERTIONS = NO;
				GCC_C_LANGUAGE_STANDARD = gnu99;
				GCC_WARN_64_TO_32_BIT_CONVERSION = YES;
				GCC_WARN_ABOUT_RETURN_TYPE = YES_ERROR;
				GCC_WARN_UNDECLARED_SELECTOR = YES;
				GCC_WARN_UNINITIALIZED_AUTOS = YES;
				GCC_WARN_UNUSED_FUNCTION = YES;
				GCC_WARN_UNUSED_VARIABLE = YES;
				IPHONEOS_DEPLOYMENT_TARGET = 7.0;
				SDKROOT = iphoneos;
				TARGETED_DEVICE_FAMILY = "1,2";
				VALIDATE_PRODUCT = YES;
			};
			name = Release;
		};
		45245AE51A20DFA700845904 /* Debug */ = {
			isa = XCBuildConfiguration;
			buildSettings = {
				ASSETCATALOG_COMPILER_APPICON_NAME = AppIcon;
				ASSETCATALOG_COMPILER_LAUNCHIMAGE_NAME = LaunchImage;
				CLANG_ENABLE_OBJC_ARC = YES;
				CODE_SIGN_ENTITLEMENTS = Entitlements.plist;
				CODE_SIGN_IDENTITY = "-";
				GCC_PRECOMPILE_PREFIX_HEADER = YES;
				GCC_PREFIX_HEADER = "AOCalculator/AOCalculator-Prefix.pch";
				INFOPLIST_FILE = "AOCalculator/AOCalculator-Info.plist";
				IPHONEOS_DEPLOYMENT_TARGET = 7.0;
				PRODUCT_NAME = "$(TARGET_NAME)";
				TARGETED_DEVICE_FAMILY = "1,2";
				WRAPPER_EXTENSION = app;
			};
			name = Debug;
		};
		45245AE61A20DFA700845904 /* Release */ = {
			isa = XCBuildConfiguration;
			buildSettings = {
				ASSETCATALOG_COMPILER_APPICON_NAME = AppIcon;
				ASSETCATALOG_COMPILER_LAUNCHIMAGE_NAME = LaunchImage;
				CLANG_ENABLE_OBJC_ARC = YES;
				CODE_SIGN_ENTITLEMENTS = Entitlements.plist;
				CODE_SIGN_IDENTITY = "-";
				GCC_PRECOMPILE_PREFIX_HEADER = YES;
				GCC_PREFIX_HEADER = "AOCalculator/AOCalculator-Prefix.pch";
				INFOPLIST_FILE = "AOCalculator/AOCalculator-Info.plist";
				IPHONEOS_DEPLOYMENT_TARGET = 7.0;
				PRODUCT_NAME = "$(TARGET_NAME)";
				TARGETED_DEVICE_FAMILY = "1,2";
				WRAPPER_EXTENSION = app;
			};
			name = Release;
		};
		45245AE81A20DFA700845904 /* Debug */ = {
			isa = XCBuildConfiguration;
			buildSettings = {
				BUNDLE_LOADER = "$(BUILT_PRODUCTS_DIR)/AOCalculator.app/AOCalculator";
				CLANG_ENABLE_OBJC_ARC = YES;
				FRAMEWORK_SEARCH_PATHS = (
					"$(SDKROOT)/Developer/Library/Frameworks",
					"$(inherited)",
					"$(DEVELOPER_FRAMEWORKS_DIR)",
				);
				GCC_PRECOMPILE_PREFIX_HEADER = YES;
				GCC_PREFIX_HEADER = "AOCalculator/AOCalculator-Prefix.pch";
				GCC_PREPROCESSOR_DEFINITIONS = (
					"DEBUG=1",
					"$(inherited)",
				);
				INFOPLIST_FILE = "AOCalculatorTests/AOCalculatorTests-Info.plist";
				PRODUCT_NAME = "$(TARGET_NAME)";
				TEST_HOST = "$(BUNDLE_LOADER)";
				WRAPPER_EXTENSION = xctest;
			};
			name = Debug;
		};
		45245AE91A20DFA700845904 /* Release */ = {
			isa = XCBuildConfiguration;
			buildSettings = {
				BUNDLE_LOADER = "$(BUILT_PRODUCTS_DIR)/AOCalculator.app/AOCalculator";
				CLANG_ENABLE_OBJC_ARC = YES;
				FRAMEWORK_SEARCH_PATHS = (
					"$(SDKROOT)/Developer/Library/Frameworks",
					"$(inherited)",
					"$(DEVELOPER_FRAMEWORKS_DIR)",
				);
				GCC_PRECOMPILE_PREFIX_HEADER = YES;
				GCC_PREFIX_HEADER = "AOCalculator/AOCalculator-Prefix.pch";
				INFOPLIST_FILE = "AOCalculatorTests/AOCalculatorTests-Info.plist";
				PRODUCT_NAME = "$(TARGET_NAME)";
				TEST_HOST = "$(BUNDLE_LOADER)";
				WRAPPER_EXTENSION = xctest;
			};
			name = Release;
		};
/* End XCBuildConfiguration section */

/* Begin XCConfigurationList section */
		45245AAA1A20DFA700845904 /* Build configuration list for PBXProject "RPLCalculator" */ = {
			isa = XCConfigurationList;
			buildConfigurations = (
				45245AE21A20DFA700845904 /* Debug */,
				45245AE31A20DFA700845904 /* Release */,
			);
			defaultConfigurationIsVisible = 0;
			defaultConfigurationName = Release;
		};
		45245AE41A20DFA700845904 /* Build configuration list for PBXNativeTarget "AOCalculator" */ = {
			isa = XCConfigurationList;
			buildConfigurations = (
				45245AE51A20DFA700845904 /* Debug */,
				45245AE61A20DFA700845904 /* Release */,
			);
			defaultConfigurationIsVisible = 0;
			defaultConfigurationName = Release;
		};
		45245AE71A20DFA700845904 /* Build configuration list for PBXNativeTarget "AOCalculatorTests" */ = {
			isa = XCConfigurationList;
			buildConfigurations = (
				45245AE81A20DFA700845904 /* Debug */,
				45245AE91A20DFA700845904 /* Release */,
			);
			defaultConfigurationIsVisible = 0;
			defaultConfigurationName = Release;
		};
/* End XCConfigurationList section */
	};
	rootObject = 45245AA71A20DFA700845904 /* Project object */;
}
