// !$*UTF8*$!
{
	archiveVersion = 1;
	classes = {
	};
	objectVersion = 46;
	objects = {

/* Begin PBXBuildFile section */
		F062F1751A25EF6E006F8818 /* Foundation.framework in Frameworks */ = {isa = PBXBuildFile; fileRef = F062F1741A25EF6E006F8818 /* Foundation.framework */; };
		F062F1771A25EF6E006F8818 /* CoreGraphics.framework in Frameworks */ = {isa = PBXBuildFile; fileRef = F062F1761A25EF6E006F8818 /* CoreGraphics.framework */; };
		F062F1791A25EF6E006F8818 /* UIKit.framework in Frameworks */ = {isa = PBXBuildFile; fileRef = F062F1781A25EF6E006F8818 /* UIKit.framework */; };
		F062F17F1A25EF6E006F8818 /* InfoPlist.strings in Resources */ = {isa = PBXBuildFile; fileRef = F062F17D1A25EF6E006F8818 /* InfoPlist.strings */; };
		F062F1811A25EF6E006F8818 /* main.m in Sources */ = {isa = PBXBuildFile; fileRef = F062F1801A25EF6E006F8818 /* main.m */; };
		F062F1851A25EF6E006F8818 /* T2AppDelegate.m in Sources */ = {isa = PBXBuildFile; fileRef = F062F1841A25EF6E006F8818 /* T2AppDelegate.m */; };
		F062F1881A25EF6E006F8818 /* Main.storyboard in Resources */ = {isa = PBXBuildFile; fileRef = F062F1861A25EF6E006F8818 /* Main.storyboard */; };
		F062F18B1A25EF6E006F8818 /* T2ViewController.m in Sources */ = {isa = PBXBuildFile; fileRef = F062F18A1A25EF6E006F8818 /* T2ViewController.m */; };
		F062F18D1A25EF6E006F8818 /* Images.xcassets in Resources */ = {isa = PBXBuildFile; fileRef = F062F18C1A25EF6E006F8818 /* Images.xcassets */; };
		F062F1941A25EF6E006F8818 /* XCTest.framework in Frameworks */ = {isa = PBXBuildFile; fileRef = F062F1931A25EF6E006F8818 /* XCTest.framework */; };
		F062F1951A25EF6E006F8818 /* Foundation.framework in Frameworks */ = {isa = PBXBuildFile; fileRef = F062F1741A25EF6E006F8818 /* Foundation.framework */; };
		F062F1961A25EF6E006F8818 /* UIKit.framework in Frameworks */ = {isa = PBXBuildFile; fileRef = F062F1781A25EF6E006F8818 /* UIKit.framework */; };
		F062F19E1A25EF6E006F8818 /* InfoPlist.strings in Resources */ = {isa = PBXBuildFile; fileRef = F062F19C1A25EF6E006F8818 /* InfoPlist.strings */; };
		F062F1A01A25EF6E006F8818 /* Test2Tests.m in Sources */ = {isa = PBXBuildFile; fileRef = F062F19F1A25EF6E006F8818 /* Test2Tests.m */; };
/* End PBXBuildFile section */

/* Begin PBXContainerItemProxy section */
		F062F1971A25EF6E006F8818 /* PBXContainerItemProxy */ = {
			isa = PBXContainerItemProxy;
			containerPortal = F062F1691A25EF6E006F8818 /* Project object */;
			proxyType = 1;
			remoteGlobalIDString = F062F1701A25EF6E006F8818;
			remoteInfo = Test2;
		};
/* End PBXContainerItemProxy section */

/* Begin PBXFileReference section */
		F062F1711A25EF6E006F8818 /* Test2.app */ = {isa = PBXFileReference; explicitFileType = wrapper.application; includeInIndex = 0; path = Test2.app; sourceTree = BUILT_PRODUCTS_DIR; };
		F062F1741A25EF6E006F8818 /* Foundation.framework */ = {isa = PBXFileReference; lastKnownFileType = wrapper.framework; name = Foundation.framework; path = System/Library/Frameworks/Foundation.framework; sourceTree = SDKROOT; };
		F062F1761A25EF6E006F8818 /* CoreGraphics.framework */ = {isa = PBXFileReference; lastKnownFileType = wrapper.framework; name = CoreGraphics.framework; path = System/Library/Frameworks/CoreGraphics.framework; sourceTree = SDKROOT; };
		F062F1781A25EF6E006F8818 /* UIKit.framework */ = {isa = PBXFileReference; lastKnownFileType = wrapper.framework; name = UIKit.framework; path = System/Library/Frameworks/UIKit.framework; sourceTree = SDKROOT; };
		F062F17C1A25EF6E006F8818 /* Test2-Info.plist */ = {isa = PBXFileReference; lastKnownFileType = text.plist.xml; path = "Test2-Info.plist"; sourceTree = "<group>"; };
		F062F17E1A25EF6E006F8818 /* en */ = {isa = PBXFileReference; lastKnownFileType = text.plist.strings; name = en; path = en.lproj/InfoPlist.strings; sourceTree = "<group>"; };
		F062F1801A25EF6E006F8818 /* main.m */ = {isa = PBXFileReference; lastKnownFileType = sourcecode.c.objc; path = main.m; sourceTree = "<group>"; };
		F062F1821A25EF6E006F8818 /* Test2-Prefix.pch */ = {isa = PBXFileReference; lastKnownFileType = sourcecode.c.h; path = "Test2-Prefix.pch"; sourceTree = "<group>"; };
		F062F1831A25EF6E006F8818 /* T2AppDelegate.h */ = {isa = PBXFileReference; lastKnownFileType = sourcecode.c.h; path = T2AppDelegate.h; sourceTree = "<group>"; };
		F062F1841A25EF6E006F8818 /* T2AppDelegate.m */ = {isa = PBXFileReference; lastKnownFileType = sourcecode.c.objc; path = T2AppDelegate.m; sourceTree = "<group>"; };
		F062F1871A25EF6E006F8818 /* Base */ = {isa = PBXFileReference; lastKnownFileType = file.storyboard; name = Base; path = Base.lproj/Main.storyboard; sourceTree = "<group>"; };
		F062F1891A25EF6E006F8818 /* T2ViewController.h */ = {isa = PBXFileReference; lastKnownFileType = sourcecode.c.h; path = T2ViewController.h; sourceTree = "<group>"; };
		F062F18A1A25EF6E006F8818 /* T2ViewController.m */ = {isa = PBXFileReference; lastKnownFileType = sourcecode.c.objc; path = T2ViewController.m; sourceTree = "<group>"; };
		F062F18C1A25EF6E006F8818 /* Images.xcassets */ = {isa = PBXFileReference; lastKnownFileType = folder.assetcatalog; path = Images.xcassets; sourceTree = "<group>"; };
		F062F1921A25EF6E006F8818 /* Test2Tests.xctest */ = {isa = PBXFileReference; explicitFileType = wrapper.cfbundle; includeInIndex = 0; path = Test2Tests.xctest; sourceTree = BUILT_PRODUCTS_DIR; };
		F062F1931A25EF6E006F8818 /* XCTest.framework */ = {isa = PBXFileReference; lastKnownFileType = wrapper.framework; name = XCTest.framework; path = Library/Frameworks/XCTest.framework; sourceTree = DEVELOPER_DIR; };
		F062F19B1A25EF6E006F8818 /* Test2Tests-Info.plist */ = {isa = PBXFileReference; lastKnownFileType = text.plist.xml; path = "Test2Tests-Info.plist"; sourceTree = "<group>"; };
		F062F19D1A25EF6E006F8818 /* en */ = {isa = PBXFileReference; lastKnownFileType = text.plist.strings; name = en; path = en.lproj/InfoPlist.strings; sourceTree = "<group>"; };
		F062F19F1A25EF6E006F8818 /* Test2Tests.m */ = {isa = PBXFileReference; lastKnownFileType = sourcecode.c.objc; path = Test2Tests.m; sourceTree = "<group>"; };
/* End PBXFileReference section */

/* Begin PBXFrameworksBuildPhase section */
		F062F16E1A25EF6E006F8818 /* Frameworks */ = {
			isa = PBXFrameworksBuildPhase;
			buildActionMask = 2147483647;
			files = (
				F062F1771A25EF6E006F8818 /* CoreGraphics.framework in Frameworks */,
				F062F1791A25EF6E006F8818 /* UIKit.framework in Frameworks */,
				F062F1751A25EF6E006F8818 /* Foundation.framework in Frameworks */,
			);
			runOnlyForDeploymentPostprocessing = 0;
		};
		F062F18F1A25EF6E006F8818 /* Frameworks */ = {
			isa = PBXFrameworksBuildPhase;
			buildActionMask = 2147483647;
			files = (
				F062F1941A25EF6E006F8818 /* XCTest.framework in Frameworks */,
				F062F1961A25EF6E006F8818 /* UIKit.framework in Frameworks */,
				F062F1951A25EF6E006F8818 /* Foundation.framework in Frameworks */,
			);
			runOnlyForDeploymentPostprocessing = 0;
		};
/* End PBXFrameworksBuildPhase section */

/* Begin PBXGroup section */
		F062F1681A25EF6E006F8818 = {
			isa = PBXGroup;
			children = (
				F062F17A1A25EF6E006F8818 /* Test2 */,
				F062F1991A25EF6E006F8818 /* Test2Tests */,
				F062F1731A25EF6E006F8818 /* Frameworks */,
				F062F1721A25EF6E006F8818 /* Products */,
			);
			sourceTree = "<group>";
		};
		F062F1721A25EF6E006F8818 /* Products */ = {
			isa = PBXGroup;
			children = (
				F062F1711A25EF6E006F8818 /* Test2.app */,
				F062F1921A25EF6E006F8818 /* Test2Tests.xctest */,
			);
			name = Products;
			sourceTree = "<group>";
		};
		F062F1731A25EF6E006F8818 /* Frameworks */ = {
			isa = PBXGroup;
			children = (
				F062F1741A25EF6E006F8818 /* Foundation.framework */,
				F062F1761A25EF6E006F8818 /* CoreGraphics.framework */,
				F062F1781A25EF6E006F8818 /* UIKit.framework */,
				F062F1931A25EF6E006F8818 /* XCTest.framework */,
			);
			name = Frameworks;
			sourceTree = "<group>";
		};
		F062F17A1A25EF6E006F8818 /* Test2 */ = {
			isa = PBXGroup;
			children = (
				F062F1831A25EF6E006F8818 /* T2AppDelegate.h */,
				F062F1841A25EF6E006F8818 /* T2AppDelegate.m */,
				F062F1891A25EF6E006F8818 /* T2ViewController.h */,
				F062F18A1A25EF6E006F8818 /* T2ViewController.m */,
				F062F1861A25EF6E006F8818 /* Main.storyboard */,
				F062F18C1A25EF6E006F8818 /* Images.xcassets */,
				F062F17B1A25EF6E006F8818 /* Supporting Files */,
			);
			path = Test2;
			sourceTree = "<group>";
		};
		F062F17B1A25EF6E006F8818 /* Supporting Files */ = {
			isa = PBXGroup;
			children = (
				F062F17C1A25EF6E006F8818 /* Test2-Info.plist */,
				F062F17D1A25EF6E006F8818 /* InfoPlist.strings */,
				F062F1801A25EF6E006F8818 /* main.m */,
				F062F1821A25EF6E006F8818 /* Test2-Prefix.pch */,
			);
			name = "Supporting Files";
			sourceTree = "<group>";
		};
		F062F1991A25EF6E006F8818 /* Test2Tests */ = {
			isa = PBXGroup;
			children = (
				F062F19F1A25EF6E006F8818 /* Test2Tests.m */,
				F062F19A1A25EF6E006F8818 /* Supporting Files */,
			);
			path = Test2Tests;
			sourceTree = "<group>";
		};
		F062F19A1A25EF6E006F8818 /* Supporting Files */ = {
			isa = PBXGroup;
			children = (
				F062F19B1A25EF6E006F8818 /* Test2Tests-Info.plist */,
				F062F19C1A25EF6E006F8818 /* InfoPlist.strings */,
			);
			name = "Supporting Files";
			sourceTree = "<group>";
		};
/* End PBXGroup section */

/* Begin PBXNativeTarget section */
		F062F1701A25EF6E006F8818 /* Test2 */ = {
			isa = PBXNativeTarget;
			buildConfigurationList = F062F1A31A25EF6E006F8818 /* Build configuration list for PBXNativeTarget "Test2" */;
			buildPhases = (
				F062F16D1A25EF6E006F8818 /* Sources */,
				F062F16E1A25EF6E006F8818 /* Frameworks */,
				F062F16F1A25EF6E006F8818 /* Resources */,
			);
			buildRules = (
			);
			dependencies = (
			);
			name = Test2;
			productName = Test2;
			productReference = F062F1711A25EF6E006F8818 /* Test2.app */;
			productType = "com.apple.product-type.application";
		};
		F062F1911A25EF6E006F8818 /* Test2Tests */ = {
			isa = PBXNativeTarget;
			buildConfigurationList = F062F1A61A25EF6E006F8818 /* Build configuration list for PBXNativeTarget "Test2Tests" */;
			buildPhases = (
				F062F18E1A25EF6E006F8818 /* Sources */,
				F062F18F1A25EF6E006F8818 /* Frameworks */,
				F062F1901A25EF6E006F8818 /* Resources */,
			);
			buildRules = (
			);
			dependencies = (
				F062F1981A25EF6E006F8818 /* PBXTargetDependency */,
			);
			name = Test2Tests;
			productName = Test2Tests;
			productReference = F062F1921A25EF6E006F8818 /* Test2Tests.xctest */;
			productType = "com.apple.product-type.bundle.unit-test";
		};
/* End PBXNativeTarget section */

/* Begin PBXProject section */
		F062F1691A25EF6E006F8818 /* Project object */ = {
			isa = PBXProject;
			attributes = {
				CLASSPREFIX = T2;
				LastUpgradeCheck = 0510;
				ORGANIZATIONNAME = "Andrii V.";
				TargetAttributes = {
					F062F1911A25EF6E006F8818 = {
						TestTargetID = F062F1701A25EF6E006F8818;
					};
				};
			};
			buildConfigurationList = F062F16C1A25EF6E006F8818 /* Build configuration list for PBXProject "Test2" */;
			compatibilityVersion = "Xcode 3.2";
			developmentRegion = English;
			hasScannedForEncodings = 0;
			knownRegions = (
				en,
				Base,
			);
			mainGroup = F062F1681A25EF6E006F8818;
			productRefGroup = F062F1721A25EF6E006F8818 /* Products */;
			projectDirPath = "";
			projectRoot = "";
			targets = (
				F062F1701A25EF6E006F8818 /* Test2 */,
				F062F1911A25EF6E006F8818 /* Test2Tests */,
			);
		};
/* End PBXProject section */

/* Begin PBXResourcesBuildPhase section */
		F062F16F1A25EF6E006F8818 /* Resources */ = {
			isa = PBXResourcesBuildPhase;
			buildActionMask = 2147483647;
			files = (
				F062F18D1A25EF6E006F8818 /* Images.xcassets in Resources */,
				F062F17F1A25EF6E006F8818 /* InfoPlist.strings in Resources */,
				F062F1881A25EF6E006F8818 /* Main.storyboard in Resources */,
			);
			runOnlyForDeploymentPostprocessing = 0;
		};
		F062F1901A25EF6E006F8818 /* Resources */ = {
			isa = PBXResourcesBuildPhase;
			buildActionMask = 2147483647;
			files = (
				F062F19E1A25EF6E006F8818 /* InfoPlist.strings in Resources */,
			);
			runOnlyForDeploymentPostprocessing = 0;
		};
/* End PBXResourcesBuildPhase section */

/* Begin PBXSourcesBuildPhase section */
		F062F16D1A25EF6E006F8818 /* Sources */ = {
			isa = PBXSourcesBuildPhase;
			buildActionMask = 2147483647;
			files = (
				F062F18B1A25EF6E006F8818 /* T2ViewController.m in Sources */,
				F062F1851A25EF6E006F8818 /* T2AppDelegate.m in Sources */,
				F062F1811A25EF6E006F8818 /* main.m in Sources */,
			);
			runOnlyForDeploymentPostprocessing = 0;
		};
		F062F18E1A25EF6E006F8818 /* Sources */ = {
			isa = PBXSourcesBuildPhase;
			buildActionMask = 2147483647;
			files = (
				F062F1A01A25EF6E006F8818 /* Test2Tests.m in Sources */,
			);
			runOnlyForDeploymentPostprocessing = 0;
		};
/* End PBXSourcesBuildPhase section */

/* Begin PBXTargetDependency section */
		F062F1981A25EF6E006F8818 /* PBXTargetDependency */ = {
			isa = PBXTargetDependency;
			target = F062F1701A25EF6E006F8818 /* Test2 */;
			targetProxy = F062F1971A25EF6E006F8818 /* PBXContainerItemProxy */;
		};
/* End PBXTargetDependency section */

/* Begin PBXVariantGroup section */
		F062F17D1A25EF6E006F8818 /* InfoPlist.strings */ = {
			isa = PBXVariantGroup;
			children = (
				F062F17E1A25EF6E006F8818 /* en */,
			);
			name = InfoPlist.strings;
			sourceTree = "<group>";
		};
		F062F1861A25EF6E006F8818 /* Main.storyboard */ = {
			isa = PBXVariantGroup;
			children = (
				F062F1871A25EF6E006F8818 /* Base */,
			);
			name = Main.storyboard;
			sourceTree = "<group>";
		};
		F062F19C1A25EF6E006F8818 /* InfoPlist.strings */ = {
			isa = PBXVariantGroup;
			children = (
				F062F19D1A25EF6E006F8818 /* en */,
			);
			name = InfoPlist.strings;
			sourceTree = "<group>";
		};
/* End PBXVariantGroup section */

/* Begin XCBuildConfiguration section */
		F062F1A11A25EF6E006F8818 /* Debug */ = {
			isa = XCBuildConfiguration;
			buildSettings = {
				ALWAYS_SEARCH_USER_PATHS = NO;
				CLANG_CXX_LANGUAGE_STANDARD = "gnu++0x";
				CLANG_CXX_LIBRARY = "libc++";
				CLANG_ENABLE_MODULES = YES;
				CLANG_ENABLE_OBJC_ARC = YES;
				CLANG_WARN_BOOL_CONVERSION = YES;
				CLANG_WARN_CONSTANT_CONVERSION = YES;
				CLANG_WARN_DIRECT_OBJC_ISA_USAGE = YES_ERROR;
				CLANG_WARN_EMPTY_BODY = YES;
				CLANG_WARN_ENUM_CONVERSION = YES;
				CLANG_WARN_INT_CONVERSION = YES;
				CLANG_WARN_OBJC_ROOT_CLASS = YES_ERROR;
				CLANG_WARN__DUPLICATE_METHOD_MATCH = YES;
				"CODE_SIGN_IDENTITY[sdk=iphoneos*]" = "iPhone Developer";
				COPY_PHASE_STRIP = NO;
				GCC_C_LANGUAGE_STANDARD = gnu99;
				GCC_DYNAMIC_NO_PIC = NO;
				GCC_OPTIMIZATION_LEVEL = 0;
				GCC_PREPROCESSOR_DEFINITIONS = (
					"DEBUG=1",
					"$(inherited)",
				);
				GCC_SYMBOLS_PRIVATE_EXTERN = NO;
				GCC_WARN_64_TO_32_BIT_CONVERSION = YES;
				GCC_WARN_ABOUT_RETURN_TYPE = YES_ERROR;
				GCC_WARN_UNDECLARED_SELECTOR = YES;
				GCC_WARN_UNINITIALIZED_AUTOS = YES_AGGRESSIVE;
				GCC_WARN_UNUSED_FUNCTION = YES;
				GCC_WARN_UNUSED_VARIABLE = YES;
				IPHONEOS_DEPLOYMENT_TARGET = 7.1;
				ONLY_ACTIVE_ARCH = YES;
				SDKROOT = iphoneos;
				TARGETED_DEVICE_FAMILY = 2;
			};
			name = Debug;
		};
		F062F1A21A25EF6E006F8818 /* Release */ = {
			isa = XCBuildConfiguration;
			buildSettings = {
				ALWAYS_SEARCH_USER_PATHS = NO;
				CLANG_CXX_LANGUAGE_STANDARD = "gnu++0x";
				CLANG_CXX_LIBRARY = "libc++";
				CLANG_ENABLE_MODULES = YES;
				CLANG_ENABLE_OBJC_ARC = YES;
				CLANG_WARN_BOOL_CONVERSION = YES;
				CLANG_WARN_CONSTANT_CONVERSION = YES;
				CLANG_WARN_DIRECT_OBJC_ISA_USAGE = YES_ERROR;
				CLANG_WARN_EMPTY_BODY = YES;
				CLANG_WARN_ENUM_CONVERSION = YES;
				CLANG_WARN_INT_CONVERSION = YES;
				CLANG_WARN_OBJC_ROOT_CLASS = YES_ERROR;
				CLANG_WARN__DUPLICATE_METHOD_MATCH = YES;
				"CODE_SIGN_IDENTITY[sdk=iphoneos*]" = "iPhone Developer";
				COPY_PHASE_STRIP = YES;
				ENABLE_NS_ASSERTIONS = NO;
				GCC_C_LANGUAGE_STANDARD = gnu99;
				GCC_WARN_64_TO_32_BIT_CONVERSION = YES;
				GCC_WARN_ABOUT_RETURN_TYPE = YES_ERROR;
				GCC_WARN_UNDECLARED_SELECTOR = YES;
				GCC_WARN_UNINITIALIZED_AUTOS = YES_AGGRESSIVE;
				GCC_WARN_UNUSED_FUNCTION = YES;
				GCC_WARN_UNUSED_VARIABLE = YES;
				IPHONEOS_DEPLOYMENT_TARGET = 7.1;
				SDKROOT = iphoneos;
				TARGETED_DEVICE_FAMILY = 2;
				VALIDATE_PRODUCT = YES;
			};
			name = Release;
		};
		F062F1A41A25EF6E006F8818 /* Debug */ = {
			isa = XCBuildConfiguration;
			buildSettings = {
				ASSETCATALOG_COMPILER_APPICON_NAME = AppIcon;
				ASSETCATALOG_COMPILER_LAUNCHIMAGE_NAME = LaunchImage;
				GCC_PRECOMPILE_PREFIX_HEADER = YES;
				GCC_PREFIX_HEADER = "Test2/Test2-Prefix.pch";
				INFOPLIST_FILE = "Test2/Test2-Info.plist";
				PRODUCT_NAME = "$(TARGET_NAME)";
				WRAPPER_EXTENSION = app;
			};
			name = Debug;
		};
		F062F1A51A25EF6E006F8818 /* Release */ = {
			isa = XCBuildConfiguration;
			buildSettings = {
				ASSETCATALOG_COMPILER_APPICON_NAME = AppIcon;
				ASSETCATALOG_COMPILER_LAUNCHIMAGE_NAME = LaunchImage;
				GCC_PRECOMPILE_PREFIX_HEADER = YES;
				GCC_PREFIX_HEADER = "Test2/Test2-Prefix.pch";
				INFOPLIST_FILE = "Test2/Test2-Info.plist";
				PRODUCT_NAME = "$(TARGET_NAME)";
				WRAPPER_EXTENSION = app;
			};
			name = Release;
		};
		F062F1A71A25EF6E006F8818 /* Debug */ = {
			isa = XCBuildConfiguration;
			buildSettings = {
				BUNDLE_LOADER = "$(BUILT_PRODUCTS_DIR)/Test2.app/Test2";
				FRAMEWORK_SEARCH_PATHS = (
					"$(SDKROOT)/Developer/Library/Frameworks",
					"$(inherited)",
					"$(DEVELOPER_FRAMEWORKS_DIR)",
				);
				GCC_PRECOMPILE_PREFIX_HEADER = YES;
				GCC_PREFIX_HEADER = "Test2/Test2-Prefix.pch";
				GCC_PREPROCESSOR_DEFINITIONS = (
					"DEBUG=1",
					"$(inherited)",
				);
				INFOPLIST_FILE = "Test2Tests/Test2Tests-Info.plist";
				PRODUCT_NAME = "$(TARGET_NAME)";
				TEST_HOST = "$(BUNDLE_LOADER)";
				WRAPPER_EXTENSION = xctest;
			};
			name = Debug;
		};
		F062F1A81A25EF6E006F8818 /* Release */ = {
			isa = XCBuildConfiguration;
			buildSettings = {
				BUNDLE_LOADER = "$(BUILT_PRODUCTS_DIR)/Test2.app/Test2";
				FRAMEWORK_SEARCH_PATHS = (
					"$(SDKROOT)/Developer/Library/Frameworks",
					"$(inherited)",
					"$(DEVELOPER_FRAMEWORKS_DIR)",
				);
				GCC_PRECOMPILE_PREFIX_HEADER = YES;
				GCC_PREFIX_HEADER = "Test2/Test2-Prefix.pch";
				INFOPLIST_FILE = "Test2Tests/Test2Tests-Info.plist";
				PRODUCT_NAME = "$(TARGET_NAME)";
				TEST_HOST = "$(BUNDLE_LOADER)";
				WRAPPER_EXTENSION = xctest;
			};
			name = Release;
		};
/* End XCBuildConfiguration section */

/* Begin XCConfigurationList section */
		F062F16C1A25EF6E006F8818 /* Build configuration list for PBXProject "Test2" */ = {
			isa = XCConfigurationList;
			buildConfigurations = (
				F062F1A11A25EF6E006F8818 /* Debug */,
				F062F1A21A25EF6E006F8818 /* Release */,
			);
			defaultConfigurationIsVisible = 0;
			defaultConfigurationName = Release;
		};
		F062F1A31A25EF6E006F8818 /* Build configuration list for PBXNativeTarget "Test2" */ = {
			isa = XCConfigurationList;
			buildConfigurations = (
				F062F1A41A25EF6E006F8818 /* Debug */,
				F062F1A51A25EF6E006F8818 /* Release */,
			);
			defaultConfigurationIsVisible = 0;
			defaultConfigurationName = Release;
		};
		F062F1A61A25EF6E006F8818 /* Build configuration list for PBXNativeTarget "Test2Tests" */ = {
			isa = XCConfigurationList;
			buildConfigurations = (
				F062F1A71A25EF6E006F8818 /* Debug */,
				F062F1A81A25EF6E006F8818 /* Release */,
			);
			defaultConfigurationIsVisible = 0;
			defaultConfigurationName = Release;
		};
/* End XCConfigurationList section */
	};
	rootObject = F062F1691A25EF6E006F8818 /* Project object */;
}
